{
	"name": "@liquality/client-factory",
	"version": "1.5.1",
	"lockfileVersion": 1,
	"requires": true,
	"dependencies": {
		"@babel/runtime": {
			"version": "7.12.13",
			"resolved": "https://registry.npmjs.org/@babel/runtime/-/runtime-7.12.13.tgz",
			"integrity": "sha512-8+3UMPBrjFa/6TtKi/7sehPKqfAm4g6K+YQjyyFOLUTxzOngcRZTlAVY8sc2CORJYqdHQY8gRPHmn+qo15rCBw==",
			"requires": {
				"regenerator-runtime": "^0.13.4"
			}
		},
		"@liquality/bitcoin-esplora-api-provider": {
			"version": "1.5.1",
			"resolved": "https://registry.npmjs.org/@liquality/bitcoin-esplora-api-provider/-/bitcoin-esplora-api-provider-1.5.1.tgz",
			"integrity": "sha512-ykOy4fxZi1frU/7ASzCgBxDAKl/PuwhuxwYzVihwfeBSx7T5R/k6Q81Hp7cRrtzm1QqLVtGxeYJkbjbm5mjXng==",
			"requires": {
				"@babel/runtime": "^7.12.1",
				"@liquality/bitcoin-networks": "^1.5.1",
				"@liquality/bitcoin-utils": "^1.5.1",
				"@liquality/errors": "^1.5.1",
				"@liquality/node-provider": "^1.5.1",
				"@liquality/types": "^1.5.1",
				"@liquality/utils": "^1.5.1",
				"bignumber.js": "^9.0.0",
				"lodash": "^4.17.20"
			}
		},
		"@liquality/bitcoin-esplora-batch-api-provider": {
			"version": "1.5.1",
			"resolved": "https://registry.npmjs.org/@liquality/bitcoin-esplora-batch-api-provider/-/bitcoin-esplora-batch-api-provider-1.5.1.tgz",
			"integrity": "sha512-9XIJgZwF2ySDkOVr7cw1ew4xpfNxxdXNr0VQYQfZW6G+owbB+CrcJVA2F3bjCV+x3TLTCdIouqApMhEg2rI+Vw==",
			"requires": {
				"@babel/runtime": "^7.12.1",
				"@liquality/bitcoin-esplora-api-provider": "^1.5.1",
				"@liquality/node-provider": "^1.5.1",
				"@liquality/types": "^1.5.1",
				"@liquality/utils": "^1.5.1",
				"bignumber.js": "^9.0.0",
				"lodash": "^4.17.20"
			}
		},
		"@liquality/bitcoin-esplora-swap-find-provider": {
			"version": "1.5.1",
			"resolved": "https://registry.npmjs.org/@liquality/bitcoin-esplora-swap-find-provider/-/bitcoin-esplora-swap-find-provider-1.5.1.tgz",
			"integrity": "sha512-TQlLk01JOGHKNkFF2perK59cRA42RJ0g5Mg6XWPD6/jekn25KX9WY1kRQIxDRB7ck1442NOSLnL9h7i2W0KfXQ==",
			"requires": {
				"@babel/runtime": "^7.12.1",
				"@liquality/node-provider": "^1.5.1",
				"@liquality/types": "^1.5.1",
				"bitcoinjs-lib": "^5.2.0"
			}
		},
		"@liquality/bitcoin-fee-api-provider": {
			"version": "1.5.1",
			"resolved": "https://registry.npmjs.org/@liquality/bitcoin-fee-api-provider/-/bitcoin-fee-api-provider-1.5.1.tgz",
			"integrity": "sha512-rAuHpCJr8/5zbYZYiiwsVRn2y7w+ale43YMucrkv2/CA0hq8oh7tLJxC8GFuCTZORkMtlwCo4HfESoMjXqQMOA==",
			"requires": {
				"@babel/runtime": "^7.12.1",
				"@liquality/node-provider": "^1.5.1",
				"@liquality/types": "^1.5.1"
			}
		},
		"@liquality/bitcoin-js-wallet-provider": {
			"version": "1.5.1",
			"resolved": "https://registry.npmjs.org/@liquality/bitcoin-js-wallet-provider/-/bitcoin-js-wallet-provider-1.5.1.tgz",
			"integrity": "sha512-yx51B5zKhM5l9hN0EbnWRJ1TMxYapkLd9hRsC5+BFhFBmCPmXmQlOXIPL7QF+HXzgv9hKzTJA6OzaSlH8/DfwQ==",
			"requires": {
				"@babel/runtime": "^7.12.1",
				"@liquality/bitcoin-networks": "^1.5.1",
				"@liquality/bitcoin-utils": "^1.5.1",
				"@liquality/bitcoin-wallet-provider": "^1.5.1",
				"@liquality/types": "^1.5.1",
				"@liquality/utils": "^1.5.1",
				"@liquality/wallet-provider": "^1.5.1",
				"bip32": "^2.0.6",
				"bip39": "^3.0.2",
				"bitcoinjs-lib": "^5.2.0",
				"bitcoinjs-message": "^2.1.0"
			}
		},
		"@liquality/bitcoin-networks": {
			"version": "1.5.1",
			"resolved": "https://registry.npmjs.org/@liquality/bitcoin-networks/-/bitcoin-networks-1.5.1.tgz",
			"integrity": "sha512-aFti22X21sK0mnr5+nhBLcOG3lYHDn+LtoJTXMI7HpHuY/Z6GL42eEp5yAkzVNRYo7dP45yFkto+cyLxUtRckQ==",
			"requires": {
				"@babel/runtime": "^7.12.1",
				"@liquality/types": "^1.5.1",
				"bitcoinjs-lib": "^5.2.0"
			}
		},
		"@liquality/bitcoin-rpc-fee-provider": {
			"version": "1.5.1",
			"resolved": "https://registry.npmjs.org/@liquality/bitcoin-rpc-fee-provider/-/bitcoin-rpc-fee-provider-1.5.1.tgz",
			"integrity": "sha512-PdzBcXyinOkdG+guqPTfeAM338pwXpLUqqa6pTT5Gm2Udkkh70Z7OCerx+gjA8DoT+8UnbtSj+VrMXbuZ1EDNQ==",
			"requires": {
				"@babel/runtime": "^7.12.1",
				"@liquality/provider": "^1.5.1",
				"@liquality/types": "^1.5.1"
			}
		},
		"@liquality/bitcoin-swap-provider": {
			"version": "1.5.1",
			"resolved": "https://registry.npmjs.org/@liquality/bitcoin-swap-provider/-/bitcoin-swap-provider-1.5.1.tgz",
			"integrity": "sha512-/T7i2XbmSyyUxillAMopNFC44BdLc4CM59CTaMRR+zSO8ZE6uUn///x4MlrHtqqGFbQVPpW41PHkSdlx2rn4FA==",
			"requires": {
				"@babel/runtime": "^7.12.1",
				"@liquality/bitcoin-networks": "^1.5.1",
				"@liquality/bitcoin-utils": "^1.5.1",
				"@liquality/errors": "^1.5.1",
				"@liquality/provider": "^1.5.1",
				"@liquality/types": "^1.5.1",
				"@liquality/utils": "^1.5.1",
				"@types/node": "^14.14.36",
				"bignumber.js": "^9.0.0",
				"bitcoinjs-lib": "^5.2.0"
			},
			"dependencies": {
				"@types/node": {
					"version": "14.17.9",
					"resolved": "https://registry.npmjs.org/@types/node/-/node-14.17.9.tgz",
					"integrity": "sha512-CMjgRNsks27IDwI785YMY0KLt3co/c0cQ5foxHYv/shC2w8oOnVwz5Ubq1QG5KzrcW+AXk6gzdnxIkDnTvzu3g=="
				}
			}
		},
		"@liquality/bitcoin-utils": {
			"version": "1.5.1",
			"resolved": "https://registry.npmjs.org/@liquality/bitcoin-utils/-/bitcoin-utils-1.5.1.tgz",
			"integrity": "sha512-0wOAFM15gVBwmEXNKk0m0sAV0qSWsjdwo3yy1Eoqc9PZgsOTEDN7/EsTVqG0ywaXgtEdigXiecbGF8p5KZ0xgA==",
			"requires": {
				"@babel/runtime": "^7.12.1",
				"@liquality/bitcoin-networks": "^1.5.1",
				"@liquality/crypto": "^1.5.1",
				"@liquality/errors": "^1.5.1",
				"@liquality/types": "^1.5.1",
				"@liquality/utils": "^1.5.1",
				"bignumber.js": "^9.0.0",
				"bip174": "^2.0.1",
				"bitcoinjs-lib": "^5.2.0",
				"bs58check": "^2.1.2",
				"cashaddrjs": "^0.4.4",
				"coinselect": "^3.1.11",
				"lodash": "^4.17.20"
			}
		},
		"@liquality/bitcoin-wallet-provider": {
			"version": "1.5.1",
			"resolved": "https://registry.npmjs.org/@liquality/bitcoin-wallet-provider/-/bitcoin-wallet-provider-1.5.1.tgz",
			"integrity": "sha512-mXl3DTivfRAl7lCSRtQDK3V54YD1BVMDzqpztxYNFL9IHkPDBhod/+rPmu811gufpYbocVzFidCiEQA5wkpCxg==",
			"requires": {
				"@babel/runtime": "^7.12.1",
				"@liquality/bitcoin-networks": "^1.5.1",
				"@liquality/bitcoin-utils": "^1.5.1",
				"@liquality/errors": "^1.5.1",
				"@liquality/provider": "^1.5.1",
				"@liquality/types": "^1.5.1",
				"@liquality/utils": "^1.5.1",
				"bignumber.js": "^9.0.0",
				"bitcoinjs-lib": "^5.2.0",
				"memoizee": "^0.4.15"
			}
		},
		"@liquality/client": {
			"version": "1.5.1",
			"resolved": "https://registry.npmjs.org/@liquality/client/-/client-1.5.1.tgz",
			"integrity": "sha512-fgQfwGYLNsElLz4bgWKk6oyaPjtLdSimS1PO8c90+hKKDwandCasKrZ6U0gtq+kImk+UAHQvnG8b8hL0y722Nw==",
			"requires": {
				"@babel/runtime": "^7.12.1",
				"@liquality/crypto": "^1.5.1",
				"@liquality/errors": "^1.5.1",
				"@liquality/provider": "^1.5.1",
				"@liquality/schema": "^1.5.1",
				"@liquality/types": "^1.5.1",
				"ajv": "^6.10.0",
				"bignumber.js": "^9.0.1",
				"debug": "^4.1.1",
				"lodash": "^4.17.20"
			}
		},
		"@liquality/crypto": {
			"version": "1.5.1",
			"resolved": "https://registry.npmjs.org/@liquality/crypto/-/crypto-1.5.1.tgz",
			"integrity": "sha512-QJg4FMbXgcE+PeqxAU/0tpXaeiTRiMqZJsP7JrVYUBNd7+9TSUdgs4kZo8sqAP31kSXV0y7/IqWUnNKfxMDNoA==",
			"requires": {
				"bech32": "^1.1.3",
				"bs58": "^4.0.1",
				"crypto-hashing": "^1.0.0"
			}
		},
		"@liquality/debug": {
			"version": "1.5.1",
			"resolved": "https://registry.npmjs.org/@liquality/debug/-/debug-1.5.1.tgz",
			"integrity": "sha512-EJwkChuaqZH4c/PpUOEcz3oKQAhrQOawY2UmswrBpX0k+6wV+/yzMzd4CNwKGUimzZogFJ71tEjzo/r726UjPQ==",
			"requires": {
				"@babel/runtime": "^7.12.1",
				"@types/debug": "^4.1.5",
				"debug": "^4.1.1"
			}
		},
		"@liquality/errors": {
			"version": "1.5.1",
			"resolved": "https://registry.npmjs.org/@liquality/errors/-/errors-1.5.1.tgz",
			"integrity": "sha512-qBW+V/7/7Z8ExlHGegRTGhbu/7FJjIOh63/9PrKy5ZfYn2LkfK3Cl15fjQleoVqNOWtT6z8zYa2w1anvQj3YDg==",
			"requires": {
				"@types/standard-error": "^1.1.0",
				"standard-error": "^1.1.0"
			}
		},
		"@liquality/ethereum-erc20-provider": {
			"version": "1.5.1",
			"resolved": "https://registry.npmjs.org/@liquality/ethereum-erc20-provider/-/ethereum-erc20-provider-1.5.1.tgz",
			"integrity": "sha512-47/7gYyuX+91MPLcBLYpUHtrHgKV3Aglxj8YrDYdGTJRqC77dbrBgN0uiUH9y0ev2J7q/4/ULLAW3FfPFMzDCg==",
			"requires": {
				"@babel/runtime": "^7.12.1",
				"@liquality/crypto": "^1.5.1",
				"@liquality/errors": "^1.5.1",
				"@liquality/ethereum-utils": "^1.5.1",
				"@liquality/provider": "^1.5.1",
				"@liquality/types": "^1.5.1",
				"@liquality/utils": "^1.5.1",
				"bignumber.js": "^9.0.0",
				"lodash": "^4.17.20"
			}
		},
		"@liquality/ethereum-erc20-scraper-swap-find-provider": {
			"version": "1.5.1",
			"resolved": "https://registry.npmjs.org/@liquality/ethereum-erc20-scraper-swap-find-provider/-/ethereum-erc20-scraper-swap-find-provider-1.5.1.tgz",
			"integrity": "sha512-yP6n7au1XHVb+LuFHKtgP3NAR7ze4xtxg1PFdm2i+xe2gT7Jo4MN9q7BFj2iIbQB4C+QfNItbJoPLgttfX1gGQ==",
			"requires": {
				"@babel/runtime": "^7.12.1",
				"@liquality/errors": "^1.5.1",
				"@liquality/ethereum-erc20-swap-provider": "^1.5.1",
				"@liquality/ethereum-scraper-swap-find-provider": "^1.5.1",
				"@liquality/ethereum-utils": "^1.5.1",
				"@liquality/types": "^1.5.1",
				"@liquality/utils": "^1.5.1"
			}
		},
		"@liquality/ethereum-erc20-swap-provider": {
			"version": "1.5.1",
			"resolved": "https://registry.npmjs.org/@liquality/ethereum-erc20-swap-provider/-/ethereum-erc20-swap-provider-1.5.1.tgz",
			"integrity": "sha512-fNehoSn2WGW08dxPV55KSS59wjkNEHPqHuLf7fZhhqxIelAxqPL5rmlme2ObQ0/Qc4fKbTVgfZlggg+XY9CPcQ==",
			"requires": {
				"@babel/runtime": "^7.12.1",
				"@liquality/crypto": "^1.5.1",
				"@liquality/errors": "^1.5.1",
				"@liquality/ethereum-utils": "^1.5.1",
				"@liquality/provider": "^1.5.1",
				"@liquality/types": "^1.5.1",
				"@liquality/utils": "^1.5.1"
			}
		},
		"@liquality/ethereum-gas-now-fee-provider": {
			"version": "1.5.1",
			"resolved": "https://registry.npmjs.org/@liquality/ethereum-gas-now-fee-provider/-/ethereum-gas-now-fee-provider-1.5.1.tgz",
			"integrity": "sha512-rjTXzxYVCxGkKYEyZ0Hh6z+mbiuCPWpbCCaYdPEhGGe3siVS2ynTFR60mwP1xty1fCawuo7c+hPX5YC3VnJo+Q==",
			"requires": {
				"@babel/runtime": "^7.12.1",
				"@liquality/node-provider": "^1.5.1",
				"@liquality/types": "^1.5.1",
				"bignumber.js": "^9.0.0"
			}
		},
		"@liquality/ethereum-js-wallet-provider": {
			"version": "1.5.1",
			"resolved": "https://registry.npmjs.org/@liquality/ethereum-js-wallet-provider/-/ethereum-js-wallet-provider-1.5.1.tgz",
			"integrity": "sha512-URAJ4PQS4Bvi46lKOs5XyiBEZOzH83PBbwWv6oBCPCqI3ka7EEVzJ7xaphBmBSYIY75bP4yq+kCwXWyLNIS3NQ==",
			"requires": {
				"@babel/runtime": "^7.12.1",
				"@liquality/ethereum-networks": "^1.5.1",
				"@liquality/ethereum-utils": "^1.5.1",
				"@liquality/types": "^1.5.1",
				"@liquality/utils": "^1.5.1",
				"@liquality/wallet-provider": "^1.5.1",
				"bignumber.js": "^9.0.0",
				"bip39": "^3.0.2",
				"ethereumjs-common": "^1.4.0",
				"ethereumjs-tx": "^2.1.1",
				"ethereumjs-util": "^6.1.0",
				"hdkey": "^1.1.1"
			}
		},
		"@liquality/ethereum-networks": {
			"version": "1.5.1",
			"resolved": "https://registry.npmjs.org/@liquality/ethereum-networks/-/ethereum-networks-1.5.1.tgz",
			"integrity": "sha512-ennivHlAwvF+AoDih/pERe1+YjgKvYIc1r8r5IWs4eKMlfuH0FTMIepYU6/wmtkU/1cCYgxIx4yXe3Sc6NM7/w==",
			"requires": {
				"@babel/runtime": "^7.12.1",
				"@liquality/types": "^1.5.1"
			}
		},
		"@liquality/ethereum-rpc-fee-provider": {
			"version": "1.5.1",
			"resolved": "https://registry.npmjs.org/@liquality/ethereum-rpc-fee-provider/-/ethereum-rpc-fee-provider-1.5.1.tgz",
			"integrity": "sha512-Uu1R2b124CjCD/eVvBYARdxlwBsxtLQ39dTlocqhC2q1Bscv5Ila7l5jCyggpR6Eo52FMKOS2Dg9p9jNTrdr9g==",
			"requires": {
				"@babel/runtime": "^7.12.1",
				"@liquality/provider": "^1.5.1",
				"@liquality/types": "^1.5.1",
				"bignumber.js": "^9.0.0"
			}
		},
		"@liquality/ethereum-rpc-provider": {
			"version": "1.5.1",
			"resolved": "https://registry.npmjs.org/@liquality/ethereum-rpc-provider/-/ethereum-rpc-provider-1.5.1.tgz",
			"integrity": "sha512-rwC4i8SbFD+ebLdz5hBEArFphbSmh2aTMUUMvZZpXRWfzUt8R4dFSiPZFD2ibnAizBGFVh6gHUFgGZ5erIYjTw==",
			"requires": {
				"@babel/runtime": "^7.12.1",
				"@liquality/crypto": "^1.5.1",
				"@liquality/errors": "^1.5.1",
				"@liquality/ethereum-utils": "^1.5.1",
				"@liquality/jsonrpc-provider": "^1.5.1",
				"@liquality/types": "^1.5.1",
				"@liquality/utils": "^1.5.1",
				"bignumber.js": "^9.0.0",
				"lodash": "^4.17.20"
			}
		},
		"@liquality/ethereum-scraper-swap-find-provider": {
			"version": "1.5.1",
			"resolved": "https://registry.npmjs.org/@liquality/ethereum-scraper-swap-find-provider/-/ethereum-scraper-swap-find-provider-1.5.1.tgz",
			"integrity": "sha512-TKndPegndJXMx3bsW3Xx9112iZkM2ouaawgonlnJ3i68umM4ixC30s9iqlGJN0FSi9Ow5tfKrGJSzCePX1VWfg==",
			"requires": {
				"@babel/runtime": "^7.12.1",
				"@liquality/errors": "^1.5.1",
				"@liquality/ethereum-utils": "^1.5.1",
				"@liquality/node-provider": "^1.5.1",
				"@liquality/types": "^1.5.1",
				"@liquality/utils": "^1.5.1"
			}
		},
		"@liquality/ethereum-swap-provider": {
			"version": "1.5.1",
			"resolved": "https://registry.npmjs.org/@liquality/ethereum-swap-provider/-/ethereum-swap-provider-1.5.1.tgz",
			"integrity": "sha512-XqC15b1c/01s10JhKVDJK2hKoxhaIuHtFZIzf2u18DiNfAL5kArBCkzU06X1NElSAwoGIZJTFZKO4e5lzqTqfA==",
			"requires": {
				"@babel/runtime": "^7.12.1",
				"@liquality/crypto": "^1.5.1",
				"@liquality/errors": "^1.5.1",
				"@liquality/ethereum-utils": "^1.5.1",
				"@liquality/provider": "^1.5.1",
				"@liquality/types": "^1.5.1",
				"@liquality/utils": "^1.5.1"
			}
		},
		"@liquality/ethereum-utils": {
			"version": "1.5.1",
			"resolved": "https://registry.npmjs.org/@liquality/ethereum-utils/-/ethereum-utils-1.5.1.tgz",
			"integrity": "sha512-ADXybTuv6fXO28GOYxM0Njase9mPbB5YTUvw+9qQv++FpToHIMkSsAchze9RKr3zOagCgcRBKDH8XqHPpCyr1w==",
			"requires": {
				"@babel/runtime": "^7.12.1",
				"@liquality/crypto": "^1.5.1",
				"@liquality/errors": "^1.5.1",
				"@liquality/schema": "^1.5.1",
				"@liquality/types": "^1.5.1",
				"@liquality/utils": "^1.5.1",
				"@types/lodash": "^4.14.168",
				"bignumber.js": "^9.0.0",
				"eip55": "^1.0.3",
				"lodash": "^4.17.20"
			}
		},
		"@liquality/jsonrpc-provider": {
			"version": "1.5.1",
			"resolved": "https://registry.npmjs.org/@liquality/jsonrpc-provider/-/jsonrpc-provider-1.5.1.tgz",
			"integrity": "sha512-QqWKTCEA9ytVEJ9aUCeeRVzzawg5JPsTWl2pzsADshZ/zLTsJU5Mw5rIb1gX8MooqNKTp9bFaJCdcWkcsxrnDg==",
			"requires": {
				"@babel/runtime": "^7.12.1",
				"@liquality/debug": "^1.5.1",
				"@liquality/errors": "^1.5.1",
				"@liquality/node-provider": "^1.5.1",
				"@types/lodash": "^4.14.168",
				"json-bigint": "^1.0.0",
				"lodash": "^4.17.20"
			}
		},
		"@liquality/node-provider": {
			"version": "1.5.1",
			"resolved": "https://registry.npmjs.org/@liquality/node-provider/-/node-provider-1.5.1.tgz",
			"integrity": "sha512-vKvncJrPfHVC0jdVFqvWem3QlhecALQf5Nby3Pv+3JZxQ+Z2nQUOVRkzFr8gN4eFdkH5aGI+sV0RkeGYHZa6ZQ==",
			"requires": {
				"@babel/runtime": "^7.12.1",
				"@liquality/errors": "^1.5.1",
				"@liquality/provider": "^1.5.1",
				"@types/axios": "^0.14.0",
				"@types/lodash": "^4.14.168",
				"axios": "^0.21.0",
				"lodash": "^4.17.20"
			}
		},
		"@liquality/provider": {
			"version": "1.5.1",
			"resolved": "https://registry.npmjs.org/@liquality/provider/-/provider-1.5.1.tgz",
			"integrity": "sha512-6JWdPNo9ad1t223lnQOfVp5exVHqBQnb85TX1lwmzy5BB8KSoMHjaHJ7W6dcKzDHo/s+S8w/TqoCUbelxVvDpw==",
			"requires": {
				"@liquality/types": "^1.5.1"
			}
		},
		"@liquality/schema": {
			"version": "1.5.1",
			"resolved": "https://registry.npmjs.org/@liquality/schema/-/schema-1.5.1.tgz",
			"integrity": "sha512-QZX8JDEXdQTlPjsNGS9ViVJIXqGH9pajWqRxVhOyd2XGF2bi3yBsduN7K5yseSZ7ZrtTY6iyyB1sPZvFNSa5gg=="
		},
		"@liquality/types": {
			"version": "1.5.1",
			"resolved": "https://registry.npmjs.org/@liquality/types/-/types-1.5.1.tgz",
			"integrity": "sha512-h2RP4n4MHdZpg2/Dq6Zxl4orqliPiAe15/Be9xPmNId4Y2/r3pnKoz1FP7PMl+ZwA/JwStidHZ6Z52tIWawy6Q==",
			"requires": {
				"bignumber.js": "^9.0.1"
			}
		},
		"@liquality/utils": {
			"version": "1.5.1",
			"resolved": "https://registry.npmjs.org/@liquality/utils/-/utils-1.5.1.tgz",
			"integrity": "sha512-Sl04SeXFM2dfcR0A8/IYeqVKc/LnwZ3OXSsAWNoFcIZC9NEK7ukZNtkpSCS50NpDi78dFgHJJpp/pBZiWT1AiQ==",
			"requires": {
				"@babel/runtime": "^7.12.1",
				"@liquality/crypto": "^1.5.1",
				"@liquality/errors": "^1.5.1",
				"@liquality/types": "^1.5.1",
				"setimmediate": "^1.0.5"
			}
		},
		"@liquality/wallet-provider": {
			"version": "1.5.1",
			"resolved": "https://registry.npmjs.org/@liquality/wallet-provider/-/wallet-provider-1.5.1.tgz",
			"integrity": "sha512-ujNkVIs1ivW0wWRD8R3/YGnBC7qnhtheZnMjBF0WK4tnmPMdJ7Ij3VQJ+sQLaj2ZsM66O3PIyT/bLKilrucMpw==",
			"requires": {
				"@babel/runtime": "^7.12.1",
				"@liquality/errors": "^1.5.1",
				"@liquality/provider": "^1.5.1",
				"@liquality/types": "^1.5.1",
				"lodash": "^4.17.20"
			}
		},
		"@types/axios": {
			"version": "0.14.0",
			"resolved": "https://registry.npmjs.org/@types/axios/-/axios-0.14.0.tgz",
			"integrity": "sha1-7CMA++fX3d1+udOr+HmZlkyvzkY=",
			"requires": {
				"axios": "*"
			}
		},
		"@types/bn.js": {
			"version": "4.11.6",
			"resolved": "https://registry.npmjs.org/@types/bn.js/-/bn.js-4.11.6.tgz",
			"integrity": "sha512-pqr857jrp2kPuO9uRjZ3PwnJTjoQy+fcdxvBTvHm6dkmEL9q+hDD/2j/0ELOBPtPnS8LjCX0gI9nbl8lVkadpg==",
			"requires": {
				"@types/node": "*"
			}
		},
		"@types/debug": {
			"version": "4.1.7",
			"resolved": "https://registry.npmjs.org/@types/debug/-/debug-4.1.7.tgz",
			"integrity": "sha512-9AonUzyTjXXhEOa0DnqpzZi6VHlqKMswga9EXjpXnnqxwLtdvPPtlO8evrI5D9S6asFRCQ6v+wpiUKbw+vKqyg==",
			"requires": {
				"@types/ms": "*"
			}
		},
		"@types/lodash": {
			"version": "4.14.168",
			"resolved": "https://registry.npmjs.org/@types/lodash/-/lodash-4.14.168.tgz",
			"integrity": "sha512-oVfRvqHV/V6D1yifJbVRU3TMp8OT6o6BG+U9MkwuJ3U8/CsDHvalRpsxBqivn71ztOFZBTfJMvETbqHiaNSj7Q=="
		},
		"@types/ms": {
			"version": "0.7.31",
			"resolved": "https://registry.npmjs.org/@types/ms/-/ms-0.7.31.tgz",
			"integrity": "sha512-iiUgKzV9AuaEkZqkOLDIvlQiL6ltuZd9tGcW3gwpnX8JbuiuhFlEGmmFXEXkN50Cvq7Os88IY2v0dkDqXYWVgA=="
		},
		"@types/node": {
			"version": "10.12.18",
			"resolved": "https://registry.npmjs.org/@types/node/-/node-10.12.18.tgz",
			"integrity": "sha512-fh+pAqt4xRzPfqA6eh3Z2y6fyZavRIumvjhaCL753+TVkGKGhpPeyrJG2JftD0T9q4GF00KjefsQ+PQNDdWQaQ=="
		},
		"@types/pbkdf2": {
			"version": "3.1.0",
			"resolved": "https://registry.npmjs.org/@types/pbkdf2/-/pbkdf2-3.1.0.tgz",
			"integrity": "sha512-Cf63Rv7jCQ0LaL8tNXmEyqTHuIJxRdlS5vMh1mj5voN4+QFhVZnlZruezqpWYDiJ8UTzhP0VmeLXCmBk66YrMQ==",
			"requires": {
				"@types/node": "*"
			}
		},
		"@types/secp256k1": {
			"version": "4.0.3",
			"resolved": "https://registry.npmjs.org/@types/secp256k1/-/secp256k1-4.0.3.tgz",
			"integrity": "sha512-Da66lEIFeIz9ltsdMZcpQvmrmmoqrfju8pm1BH8WbYjZSwUgCwXLb9C+9XYogwBITnbsSaMdVPb2ekf7TV+03w==",
			"requires": {
				"@types/node": "*"
			}
		},
		"@types/standard-error": {
			"version": "1.1.0",
			"resolved": "https://registry.npmjs.org/@types/standard-error/-/standard-error-1.1.0.tgz",
			"integrity": "sha512-lZshsx/QFLUJcu9prwm3Gtsl+b38HAqO6XUGH8PGwSmiswQhscd2MKrfk3LX3W3HyvNVUKcpsiuhU9r8DX32ww=="
		},
		"ajv": {
			"version": "6.12.6",
			"resolved": "https://registry.npmjs.org/ajv/-/ajv-6.12.6.tgz",
			"integrity": "sha512-j3fVLgvTo527anyYyJOGTYJbG+vnnQYvE0m5mmkc1TK+nxAppkCLMIL0aZ4dblVCNoGShhm+kzE4ZUykBoMg4g==",
			"requires": {
				"fast-deep-equal": "^3.1.1",
				"fast-json-stable-stringify": "^2.0.0",
				"json-schema-traverse": "^0.4.1",
				"uri-js": "^4.2.2"
			}
		},
		"axios": {
			"version": "0.21.1",
			"resolved": "https://registry.npmjs.org/axios/-/axios-0.21.1.tgz",
			"integrity": "sha512-dKQiRHxGD9PPRIUNIWvZhPTPpl1rf/OxTYKsqKUDjBwYylTvV7SjSHJb9ratfyzM6wCdLCOYLzs73qpg5c4iGA==",
			"requires": {
				"follow-redirects": "^1.10.0"
			}
		},
		"base-x": {
			"version": "3.0.8",
			"resolved": "https://registry.npmjs.org/base-x/-/base-x-3.0.8.tgz",
			"integrity": "sha512-Rl/1AWP4J/zRrk54hhlxH4drNxPJXYUaKffODVI53/dAsV4t9fBxyxYKAVPU1XBHxYwOWP9h9H0hM2MVw4YfJA==",
			"requires": {
				"safe-buffer": "^5.0.1"
			}
		},
		"bech32": {
			"version": "1.1.4",
			"resolved": "https://registry.npmjs.org/bech32/-/bech32-1.1.4.tgz",
			"integrity": "sha512-s0IrSOzLlbvX7yp4WBfPITzpAU8sqQcpsmwXDiKwrG4r491vwCO/XpejasRNl0piBMe/DvP4Tz0mIS/X1DPJBQ=="
		},
		"big-integer": {
			"version": "1.6.36",
			"resolved": "https://registry.npmjs.org/big-integer/-/big-integer-1.6.36.tgz",
			"integrity": "sha512-t70bfa7HYEA1D9idDbmuv7YbsbVkQ+Hp+8KFSul4aE5e/i1bjCNIRYJZlA8Q8p0r9T8cF/RVvwUgRA//FydEyg=="
		},
		"bignumber.js": {
			"version": "9.0.1",
			"resolved": "https://registry.npmjs.org/bignumber.js/-/bignumber.js-9.0.1.tgz",
			"integrity": "sha512-IdZR9mh6ahOBv/hYGiXyVuyCetmGJhtYkqLBpTStdhEGjegpPlUawydyaF3pbIOFynJTpllEs+NP+CS9jKFLjA=="
		},
		"bindings": {
			"version": "1.5.0",
			"resolved": "https://registry.npmjs.org/bindings/-/bindings-1.5.0.tgz",
			"integrity": "sha512-p2q/t/mhvuOj/UeLlV6566GD/guowlr0hHxClI0W9m7MWYkL1F0hLo+0Aexs9HSPCtR1SXQ0TD3MMKrXZajbiQ==",
			"requires": {
				"file-uri-to-path": "1.0.0"
			}
		},
		"bip174": {
			"version": "2.0.1",
			"resolved": "https://registry.npmjs.org/bip174/-/bip174-2.0.1.tgz",
			"integrity": "sha512-i3X26uKJOkDTAalYAp0Er+qGMDhrbbh2o93/xiPyAN2s25KrClSpe3VXo/7mNJoqA5qfko8rLS2l3RWZgYmjKQ=="
		},
		"bip32": {
			"version": "2.0.6",
			"resolved": "https://registry.npmjs.org/bip32/-/bip32-2.0.6.tgz",
			"integrity": "sha512-HpV5OMLLGTjSVblmrtYRfFFKuQB+GArM0+XP8HGWfJ5vxYBqo+DesvJwOdC2WJ3bCkZShGf0QIfoIpeomVzVdA==",
			"requires": {
				"@types/node": "10.12.18",
				"bs58check": "^2.1.1",
				"create-hash": "^1.2.0",
				"create-hmac": "^1.1.7",
				"tiny-secp256k1": "^1.1.3",
				"typeforce": "^1.11.5",
				"wif": "^2.0.6"
			}
		},
		"bip39": {
			"version": "3.0.4",
			"resolved": "https://registry.npmjs.org/bip39/-/bip39-3.0.4.tgz",
			"integrity": "sha512-YZKQlb752TrUWqHWj7XAwCSjYEgGAk+/Aas3V7NyjQeZYsztO8JnQUaCWhcnL4T+jL8nvB8typ2jRPzTlgugNw==",
			"requires": {
				"@types/node": "11.11.6",
				"create-hash": "^1.1.0",
				"pbkdf2": "^3.0.9",
				"randombytes": "^2.0.1"
			},
			"dependencies": {
				"@types/node": {
					"version": "11.11.6",
					"resolved": "https://registry.npmjs.org/@types/node/-/node-11.11.6.tgz",
					"integrity": "sha512-Exw4yUWMBXM3X+8oqzJNRqZSwUAaS4+7NdvHqQuFi/d+synz++xmX3QIf+BFqneW8N31R8Ky+sikfZUXq07ggQ=="
				}
			}
		},
		"bip66": {
			"version": "1.1.5",
			"resolved": "https://registry.npmjs.org/bip66/-/bip66-1.1.5.tgz",
			"integrity": "sha1-AfqHSHhcpwlV1QESF9GzE5lpyiI=",
			"requires": {
				"safe-buffer": "^5.0.1"
			}
		},
		"bitcoin-ops": {
			"version": "1.4.1",
			"resolved": "https://registry.npmjs.org/bitcoin-ops/-/bitcoin-ops-1.4.1.tgz",
			"integrity": "sha512-pef6gxZFztEhaE9RY9HmWVmiIHqCb2OyS4HPKkpc6CIiiOa3Qmuoylxc5P2EkU3w+5eTSifI9SEZC88idAIGow=="
		},
		"bitcoinjs-lib": {
			"version": "5.2.0",
			"resolved": "https://registry.npmjs.org/bitcoinjs-lib/-/bitcoinjs-lib-5.2.0.tgz",
			"integrity": "sha512-5DcLxGUDejgNBYcieMIUfjORtUeNWl828VWLHJGVKZCb4zIS1oOySTUr0LGmcqJBQgTBz3bGbRQla4FgrdQEIQ==",
			"requires": {
				"bech32": "^1.1.2",
				"bip174": "^2.0.1",
				"bip32": "^2.0.4",
				"bip66": "^1.1.0",
				"bitcoin-ops": "^1.4.0",
				"bs58check": "^2.0.0",
				"create-hash": "^1.1.0",
				"create-hmac": "^1.1.3",
				"merkle-lib": "^2.0.10",
				"pushdata-bitcoin": "^1.0.1",
				"randombytes": "^2.0.1",
				"tiny-secp256k1": "^1.1.1",
				"typeforce": "^1.11.3",
				"varuint-bitcoin": "^1.0.4",
				"wif": "^2.0.1"
			}
		},
		"bitcoinjs-message": {
			"version": "2.2.0",
			"resolved": "https://registry.npmjs.org/bitcoinjs-message/-/bitcoinjs-message-2.2.0.tgz",
			"integrity": "sha512-103Wy3xg8Y9o+pdhGP4M3/mtQQuUWs6sPuOp1mYphSUoSMHjHTlkj32K4zxU8qMH0Ckv23emfkGlFWtoWZ7YFA==",
			"requires": {
				"bech32": "^1.1.3",
				"bs58check": "^2.1.2",
				"buffer-equals": "^1.0.3",
				"create-hash": "^1.1.2",
				"secp256k1": "^3.0.1",
				"varuint-bitcoin": "^1.0.1"
			}
		},
		"blakejs": {
			"version": "1.1.1",
			"resolved": "https://registry.npmjs.org/blakejs/-/blakejs-1.1.1.tgz",
			"integrity": "sha512-bLG6PHOCZJKNshTjGRBvET0vTciwQE6zFKOKKXPDJfwFBd4Ac0yBfPZqcGvGJap50l7ktvlpFqc2jGVaUgbJgg=="
		},
		"bn.js": {
			"version": "4.12.0",
			"resolved": "https://registry.npmjs.org/bn.js/-/bn.js-4.12.0.tgz",
			"integrity": "sha512-c98Bf3tPniI+scsdk237ku1Dc3ujXQTSgyiPUDEOe7tRkhrqridvh8klBv0HCEso1OLOYcHuCv/cS6DNxKH+ZA=="
		},
		"brorand": {
			"version": "1.1.0",
			"resolved": "https://registry.npmjs.org/brorand/-/brorand-1.1.0.tgz",
			"integrity": "sha1-EsJe/kCkXjwyPrhnWgoM5XsiNx8="
		},
		"browserify-aes": {
			"version": "1.2.0",
			"resolved": "https://registry.npmjs.org/browserify-aes/-/browserify-aes-1.2.0.tgz",
			"integrity": "sha512-+7CHXqGuspUn/Sl5aO7Ea0xWGAtETPXNSAjHo48JfLdPWcMng33Xe4znFvQweqc/uzk5zSOI3H52CYnjCfb5hA==",
			"requires": {
				"buffer-xor": "^1.0.3",
				"cipher-base": "^1.0.0",
				"create-hash": "^1.1.0",
				"evp_bytestokey": "^1.0.3",
				"inherits": "^2.0.1",
				"safe-buffer": "^5.0.1"
			}
		},
		"bs58": {
			"version": "4.0.1",
			"resolved": "https://registry.npmjs.org/bs58/-/bs58-4.0.1.tgz",
			"integrity": "sha1-vhYedsNU9veIrkBx9j806MTwpCo=",
			"requires": {
				"base-x": "^3.0.2"
			}
		},
		"bs58check": {
			"version": "2.1.2",
			"resolved": "https://registry.npmjs.org/bs58check/-/bs58check-2.1.2.tgz",
			"integrity": "sha512-0TS1jicxdU09dwJMNZtVAfzPi6Q6QeN0pM1Fkzrjn+XYHvzMKPU3pHVpva+769iNVSfIYWf7LJ6WR+BuuMf8cA==",
			"requires": {
				"bs58": "^4.0.0",
				"create-hash": "^1.1.0",
				"safe-buffer": "^5.1.2"
			}
		},
		"buffer-equals": {
			"version": "1.0.4",
			"resolved": "https://registry.npmjs.org/buffer-equals/-/buffer-equals-1.0.4.tgz",
			"integrity": "sha1-A1O1T9B/2VZBcGca5vZrnPENJ/U="
		},
		"buffer-xor": {
			"version": "1.0.3",
			"resolved": "https://registry.npmjs.org/buffer-xor/-/buffer-xor-1.0.3.tgz",
			"integrity": "sha1-JuYe0UIvtw3ULm42cp7VHYVf6Nk="
		},
		"cashaddrjs": {
			"version": "0.4.4",
			"resolved": "https://registry.npmjs.org/cashaddrjs/-/cashaddrjs-0.4.4.tgz",
			"integrity": "sha512-xZkuWdNOh0uq/mxJIng6vYWfTowZLd9F4GMAlp2DwFHlcCqCm91NtuAc47RuV4L7r4PYcY5p6Cr2OKNb4hnkWA==",
			"requires": {
				"big-integer": "1.6.36"
			}
		},
		"cipher-base": {
			"version": "1.0.4",
			"resolved": "https://registry.npmjs.org/cipher-base/-/cipher-base-1.0.4.tgz",
			"integrity": "sha512-Kkht5ye6ZGmwv40uUDZztayT2ThLQGfnj/T71N/XzeZeo3nf8foyW7zGTsPYkEya3m5f3cAypH+qe7YOrM1U2Q==",
			"requires": {
				"inherits": "^2.0.1",
				"safe-buffer": "^5.0.1"
			}
		},
		"coinselect": {
			"version": "3.1.12",
			"resolved": "https://registry.npmjs.org/coinselect/-/coinselect-3.1.12.tgz",
			"integrity": "sha512-XKnm9wwZzJRGuvR1BGNbFZEfa4SEr38do8Z5riq0797QwMT836EqhdPuhtbn8uAX8vCMqJ7+gS4CHa1G9M5xhw=="
		},
		"create-hash": {
			"version": "1.2.0",
			"resolved": "https://registry.npmjs.org/create-hash/-/create-hash-1.2.0.tgz",
			"integrity": "sha512-z00bCGNHDG8mHAkP7CtT1qVu+bFQUPjYq/4Iv3C3kWjTFV10zIjfSoeqXo9Asws8gwSHDGj/hl2u4OGIjapeCg==",
			"requires": {
				"cipher-base": "^1.0.1",
				"inherits": "^2.0.1",
				"md5.js": "^1.3.4",
				"ripemd160": "^2.0.1",
				"sha.js": "^2.4.0"
			}
		},
		"create-hmac": {
			"version": "1.1.7",
			"resolved": "https://registry.npmjs.org/create-hmac/-/create-hmac-1.1.7.tgz",
			"integrity": "sha512-MJG9liiZ+ogc4TzUwuvbER1JRdgvUFSB5+VR/g5h82fGaIRWMWddtKBHi7/sVhfjQZ6SehlyhvQYrcYkaUIpLg==",
			"requires": {
				"cipher-base": "^1.0.3",
				"create-hash": "^1.1.0",
				"inherits": "^2.0.1",
				"ripemd160": "^2.0.0",
				"safe-buffer": "^5.0.1",
				"sha.js": "^2.4.8"
			}
		},
		"crypto-hashing": {
			"version": "1.0.0",
			"resolved": "https://registry.npmjs.org/crypto-hashing/-/crypto-hashing-1.0.0.tgz",
			"integrity": "sha1-MOFnNxkUMJVToevrHL5nU7DIjKo=",
			"requires": {
				"create-hash": "^1.1.2"
			}
		},
		"d": {
			"version": "1.0.1",
			"resolved": "https://registry.npmjs.org/d/-/d-1.0.1.tgz",
			"integrity": "sha512-m62ShEObQ39CfralilEQRjH6oAMtNCV1xJyEx5LpRYUVN+EviphDgUc/F3hnYbADmkiNs67Y+3ylmlG7Lnu+FA==",
			"requires": {
				"es5-ext": "^0.10.50",
				"type": "^1.0.1"
			}
		},
		"debug": {
			"version": "4.3.2",
			"resolved": "https://registry.npmjs.org/debug/-/debug-4.3.2.tgz",
			"integrity": "sha512-mOp8wKcvj7XxC78zLgw/ZA+6TSgkoE2C/ienthhRD298T7UNwAg9diBpLRxC0mOezLl4B0xV7M0cCO6P/O0Xhw==",
			"requires": {
				"ms": "2.1.2"
			}
		},
		"drbg.js": {
			"version": "1.0.1",
			"resolved": "https://registry.npmjs.org/drbg.js/-/drbg.js-1.0.1.tgz",
			"integrity": "sha1-Pja2xCs3BDgjzbwzLVjzHiRFSAs=",
			"requires": {
				"browserify-aes": "^1.0.6",
				"create-hash": "^1.1.2",
				"create-hmac": "^1.1.4"
			}
		},
		"eip55": {
			"version": "1.0.3",
			"resolved": "https://registry.npmjs.org/eip55/-/eip55-1.0.3.tgz",
			"integrity": "sha512-x1p4OJNlt0G3mPPZx9GgwOaLFvz8Wd4VFpkx3iNzW4SrakFnjjO4mDdmAJpETxJZp9SlNB4UFqDuFhElnX9K/Q==",
			"requires": {
				"keccak": "^1.3.0"
			}
		},
		"elliptic": {
			"version": "6.5.4",
			"resolved": "https://registry.npmjs.org/elliptic/-/elliptic-6.5.4.tgz",
			"integrity": "sha512-iLhC6ULemrljPZb+QutR5TQGB+pdW6KGD5RSegS+8sorOZT+rdQFbsQFJgvN3eRqNALqJer4oQ16YvJHlU8hzQ==",
			"requires": {
				"bn.js": "^4.11.9",
				"brorand": "^1.1.0",
				"hash.js": "^1.0.0",
				"hmac-drbg": "^1.0.1",
				"inherits": "^2.0.4",
				"minimalistic-assert": "^1.0.1",
				"minimalistic-crypto-utils": "^1.0.1"
			}
		},
		"es5-ext": {
			"version": "0.10.53",
			"resolved": "https://registry.npmjs.org/es5-ext/-/es5-ext-0.10.53.tgz",
			"integrity": "sha512-Xs2Stw6NiNHWypzRTY1MtaG/uJlwCk8kH81920ma8mvN8Xq1gsfhZvpkImLQArw8AHnv8MT2I45J3c0R8slE+Q==",
			"requires": {
				"es6-iterator": "~2.0.3",
				"es6-symbol": "~3.1.3",
				"next-tick": "~1.0.0"
			},
			"dependencies": {
				"next-tick": {
					"version": "1.0.0",
					"resolved": "https://registry.npmjs.org/next-tick/-/next-tick-1.0.0.tgz",
					"integrity": "sha1-yobR/ogoFpsBICCOPchCS524NCw="
				}
			}
		},
		"es6-iterator": {
			"version": "2.0.3",
			"resolved": "https://registry.npmjs.org/es6-iterator/-/es6-iterator-2.0.3.tgz",
			"integrity": "sha1-p96IkUGgWpSwhUQDstCg+/qY87c=",
			"requires": {
				"d": "1",
				"es5-ext": "^0.10.35",
				"es6-symbol": "^3.1.1"
			}
		},
		"es6-symbol": {
			"version": "3.1.3",
			"resolved": "https://registry.npmjs.org/es6-symbol/-/es6-symbol-3.1.3.tgz",
			"integrity": "sha512-NJ6Yn3FuDinBaBRWl/q5X/s4koRHBrgKAu+yGI6JCBeiu3qrcbJhwT2GeR/EXVfylRk8dpQVJoLEFhK+Mu31NA==",
			"requires": {
				"d": "^1.0.1",
				"ext": "^1.1.2"
			}
		},
		"es6-weak-map": {
			"version": "2.0.3",
			"resolved": "https://registry.npmjs.org/es6-weak-map/-/es6-weak-map-2.0.3.tgz",
			"integrity": "sha512-p5um32HOTO1kP+w7PRnB+5lQ43Z6muuMuIMffvDN8ZB4GcnjLBV6zGStpbASIMk4DCAvEaamhe2zhyCb/QXXsA==",
			"requires": {
				"d": "1",
				"es5-ext": "^0.10.46",
				"es6-iterator": "^2.0.3",
				"es6-symbol": "^3.1.1"
			}
		},
		"ethereum-cryptography": {
			"version": "0.1.3",
			"resolved": "https://registry.npmjs.org/ethereum-cryptography/-/ethereum-cryptography-0.1.3.tgz",
			"integrity": "sha512-w8/4x1SGGzc+tO97TASLja6SLd3fRIK2tLVcV2Gx4IB21hE19atll5Cq9o3d0ZmAYC/8aw0ipieTSiekAea4SQ==",
			"requires": {
				"@types/pbkdf2": "^3.0.0",
				"@types/secp256k1": "^4.0.1",
				"blakejs": "^1.1.0",
				"browserify-aes": "^1.2.0",
				"bs58check": "^2.1.2",
				"create-hash": "^1.2.0",
				"create-hmac": "^1.1.7",
				"hash.js": "^1.1.7",
				"keccak": "^3.0.0",
				"pbkdf2": "^3.0.17",
				"randombytes": "^2.1.0",
				"safe-buffer": "^5.1.2",
				"scrypt-js": "^3.0.0",
				"secp256k1": "^4.0.1",
				"setimmediate": "^1.0.5"
			},
			"dependencies": {
				"keccak": {
					"version": "3.0.1",
					"resolved": "https://registry.npmjs.org/keccak/-/keccak-3.0.1.tgz",
					"integrity": "sha512-epq90L9jlFWCW7+pQa6JOnKn2Xgl2mtI664seYR6MHskvI9agt7AnDqmAlp9TqU4/caMYbA08Hi5DMZAl5zdkA==",
					"requires": {
						"node-addon-api": "^2.0.0",
						"node-gyp-build": "^4.2.0"
					}
				},
				"secp256k1": {
					"version": "4.0.2",
					"resolved": "https://registry.npmjs.org/secp256k1/-/secp256k1-4.0.2.tgz",
					"integrity": "sha512-UDar4sKvWAksIlfX3xIaQReADn+WFnHvbVujpcbr+9Sf/69odMwy2MUsz5CKLQgX9nsIyrjuxL2imVyoNHa3fg==",
					"requires": {
						"elliptic": "^6.5.2",
						"node-addon-api": "^2.0.0",
						"node-gyp-build": "^4.2.0"
					}
				}
			}
		},
		"ethereumjs-common": {
			"version": "1.5.2",
			"resolved": "https://registry.npmjs.org/ethereumjs-common/-/ethereumjs-common-1.5.2.tgz",
			"integrity": "sha512-hTfZjwGX52GS2jcVO6E2sx4YuFnf0Fhp5ylo4pEPhEffNln7vS59Hr5sLnp3/QCazFLluuBZ+FZ6J5HTp0EqCA=="
		},
		"ethereumjs-tx": {
			"version": "2.1.2",
			"resolved": "https://registry.npmjs.org/ethereumjs-tx/-/ethereumjs-tx-2.1.2.tgz",
			"integrity": "sha512-zZEK1onCeiORb0wyCXUvg94Ve5It/K6GD1K+26KfFKodiBiS6d9lfCXlUKGBBdQ+bv7Day+JK0tj1K+BeNFRAw==",
			"requires": {
				"ethereumjs-common": "^1.5.0",
				"ethereumjs-util": "^6.0.0"
			}
		},
		"ethereumjs-util": {
			"version": "6.2.1",
			"resolved": "https://registry.npmjs.org/ethereumjs-util/-/ethereumjs-util-6.2.1.tgz",
			"integrity": "sha512-W2Ktez4L01Vexijrm5EB6w7dg4n/TgpoYU4avuT5T3Vmnw/eCRtiBrJfQYS/DCSvDIOLn2k57GcHdeBcgVxAqw==",
			"requires": {
				"@types/bn.js": "^4.11.3",
				"bn.js": "^4.11.0",
				"create-hash": "^1.1.2",
				"elliptic": "^6.5.2",
				"ethereum-cryptography": "^0.1.3",
				"ethjs-util": "0.1.6",
				"rlp": "^2.2.3"
			}
		},
		"ethjs-util": {
			"version": "0.1.6",
			"resolved": "https://registry.npmjs.org/ethjs-util/-/ethjs-util-0.1.6.tgz",
			"integrity": "sha512-CUnVOQq7gSpDHZVVrQW8ExxUETWrnrvXYvYz55wOU8Uj4VCgw56XC2B/fVqQN+f7gmrnRHSLVnFAwsCuNwji8w==",
			"requires": {
				"is-hex-prefixed": "1.0.0",
				"strip-hex-prefix": "1.0.0"
			}
		},
		"event-emitter": {
			"version": "0.3.5",
			"resolved": "https://registry.npmjs.org/event-emitter/-/event-emitter-0.3.5.tgz",
			"integrity": "sha1-34xp7vFkeSPHFXuc6DhAYQsCzDk=",
			"requires": {
				"d": "1",
				"es5-ext": "~0.10.14"
			}
		},
		"evp_bytestokey": {
			"version": "1.0.3",
			"resolved": "https://registry.npmjs.org/evp_bytestokey/-/evp_bytestokey-1.0.3.tgz",
			"integrity": "sha512-/f2Go4TognH/KvCISP7OUsHn85hT9nUkxxA9BEWxFn+Oj9o8ZNLm/40hdlgSLyuOimsrTKLUMEorQexp/aPQeA==",
			"requires": {
				"md5.js": "^1.3.4",
				"safe-buffer": "^5.1.1"
			}
		},
		"ext": {
			"version": "1.4.0",
			"resolved": "https://registry.npmjs.org/ext/-/ext-1.4.0.tgz",
			"integrity": "sha512-Key5NIsUxdqKg3vIsdw9dSuXpPCQ297y6wBjL30edxwPgt2E44WcWBZey/ZvUc6sERLTxKdyCu4gZFmUbk1Q7A==",
			"requires": {
				"type": "^2.0.0"
			},
			"dependencies": {
				"type": {
					"version": "2.5.0",
					"resolved": "https://registry.npmjs.org/type/-/type-2.5.0.tgz",
					"integrity": "sha512-180WMDQaIMm3+7hGXWf12GtdniDEy7nYcyFMKJn/eZz/6tSLXrUN9V0wKSbMjej0I1WHWbpREDEKHtqPQa9NNw=="
				}
			}
		},
		"fast-deep-equal": {
			"version": "3.1.3",
			"resolved": "https://registry.npmjs.org/fast-deep-equal/-/fast-deep-equal-3.1.3.tgz",
			"integrity": "sha512-f3qQ9oQy9j2AhBe/H9VC91wLmKBCCU/gDOnKNAYG5hswO7BLKj09Hc5HYNz9cGI++xlpDCIgDaitVs03ATR84Q=="
		},
		"fast-json-stable-stringify": {
			"version": "2.1.0",
			"resolved": "https://registry.npmjs.org/fast-json-stable-stringify/-/fast-json-stable-stringify-2.1.0.tgz",
			"integrity": "sha512-lhd/wF+Lk98HZoTCtlVraHtfh5XYijIjalXck7saUtuanSDyLMxnHhSXEDJqHxD7msR8D0uCmqlkwjCV8xvwHw=="
		},
		"file-uri-to-path": {
			"version": "1.0.0",
			"resolved": "https://registry.npmjs.org/file-uri-to-path/-/file-uri-to-path-1.0.0.tgz",
			"integrity": "sha512-0Zt+s3L7Vf1biwWZ29aARiVYLx7iMGnEUl9x33fbB/j3jR81u/O2LbqK+Bm1CDSNDKVtJ/YjwY7TUd5SkeLQLw=="
		},
		"follow-redirects": {
			"version": "1.14.2",
			"resolved": "https://registry.npmjs.org/follow-redirects/-/follow-redirects-1.14.2.tgz",
			"integrity": "sha512-yLR6WaE2lbF0x4K2qE2p9PEXKLDjUjnR/xmjS3wHAYxtlsI9MLLBJUZirAHKzUZDGLxje7w/cXR49WOUo4rbsA=="
		},
		"hash-base": {
			"version": "3.1.0",
			"resolved": "https://registry.npmjs.org/hash-base/-/hash-base-3.1.0.tgz",
			"integrity": "sha512-1nmYp/rhMDiE7AYkDw+lLwlAzz0AntGIe51F3RfFfEqyQ3feY2eI/NcwC6umIQVOASPMsWJLJScWKSSvzL9IVA==",
			"requires": {
				"inherits": "^2.0.4",
				"readable-stream": "^3.6.0",
				"safe-buffer": "^5.2.0"
			}
		},
		"hash.js": {
			"version": "1.1.7",
			"resolved": "https://registry.npmjs.org/hash.js/-/hash.js-1.1.7.tgz",
			"integrity": "sha512-taOaskGt4z4SOANNseOviYDvjEJinIkRgmp7LbKP2YTTmVxWBl87s/uzK9r+44BclBSp2X7K1hqeNfz9JbBeXA==",
			"requires": {
				"inherits": "^2.0.3",
				"minimalistic-assert": "^1.0.1"
			}
		},
		"hdkey": {
			"version": "1.1.2",
			"resolved": "https://registry.npmjs.org/hdkey/-/hdkey-1.1.2.tgz",
			"integrity": "sha512-PTQ4VKu0oRnCrYfLp04iQZ7T2Cxz0UsEXYauk2j8eh6PJXCpbXuCFhOmtIFtbET0i3PMWmHN9J11gU8LEgUljQ==",
			"requires": {
				"bs58check": "^2.1.2",
				"safe-buffer": "^5.1.1",
				"secp256k1": "^3.0.1"
			}
		},
		"hmac-drbg": {
			"version": "1.0.1",
			"resolved": "https://registry.npmjs.org/hmac-drbg/-/hmac-drbg-1.0.1.tgz",
			"integrity": "sha1-0nRXAQJabHdabFRXk+1QL8DGSaE=",
			"requires": {
				"hash.js": "^1.0.3",
				"minimalistic-assert": "^1.0.0",
				"minimalistic-crypto-utils": "^1.0.1"
			}
		},
		"inherits": {
			"version": "2.0.4",
			"resolved": "https://registry.npmjs.org/inherits/-/inherits-2.0.4.tgz",
			"integrity": "sha512-k/vGaX4/Yla3WzyMCvTQOXYeIHvqOKtnqBduzTHpzpQZzAskKMhZ2K+EnBiSM9zGSoIFeMpXKxa4dYeZIQqewQ=="
		},
		"is-hex-prefixed": {
			"version": "1.0.0",
			"resolved": "https://registry.npmjs.org/is-hex-prefixed/-/is-hex-prefixed-1.0.0.tgz",
			"integrity": "sha1-fY035q135dEnFIkTxXPggtd39VQ="
		},
		"is-promise": {
			"version": "2.2.2",
			"resolved": "https://registry.npmjs.org/is-promise/-/is-promise-2.2.2.tgz",
			"integrity": "sha512-+lP4/6lKUBfQjZ2pdxThZvLUAafmZb8OAxFb8XXtiQmS35INgr85hdOGoEs124ez1FCnZJt6jau/T+alh58QFQ=="
		},
		"json-bigint": {
			"version": "1.0.0",
			"resolved": "https://registry.npmjs.org/json-bigint/-/json-bigint-1.0.0.tgz",
			"integrity": "sha512-SiPv/8VpZuWbvLSMtTDU8hEfrZWg/mH/nV/b4o0CYbSxu1UIQPLdwKOCIyLQX+VIPO5vrLX3i8qtqFyhdPSUSQ==",
			"requires": {
				"bignumber.js": "^9.0.0"
			}
		},
		"json-schema-traverse": {
			"version": "0.4.1",
			"resolved": "https://registry.npmjs.org/json-schema-traverse/-/json-schema-traverse-0.4.1.tgz",
			"integrity": "sha512-xbbCH5dCYU5T8LcEhhuh7HJ88HXuW3qsI3Y0zOZFKfZEHcpWiHU/Jxzk629Brsab/mMiHQti9wMP+845RPe3Vg=="
		},
		"keccak": {
			"version": "1.4.0",
			"resolved": "https://registry.npmjs.org/keccak/-/keccak-1.4.0.tgz",
			"integrity": "sha512-eZVaCpblK5formjPjeTBik7TAg+pqnDrMHIffSvi9Lh7PQgM1+hSzakUeZFCk9DVVG0dacZJuaz2ntwlzZUIBw==",
			"requires": {
				"bindings": "^1.2.1",
				"inherits": "^2.0.3",
				"nan": "^2.2.1",
				"safe-buffer": "^5.1.0"
			}
		},
		"lodash": {
			"version": "4.17.21",
			"resolved": "https://registry.npmjs.org/lodash/-/lodash-4.17.21.tgz",
			"integrity": "sha512-v2kDEe57lecTulaDIuNTPy3Ry4gLGJ6Z1O3vE1krgXZNrsQ+LFTGHVxVjcXPs17LhbZVGedAJv8XZ1tvj5FvSg=="
		},
		"lru-queue": {
			"version": "0.1.0",
			"resolved": "https://registry.npmjs.org/lru-queue/-/lru-queue-0.1.0.tgz",
			"integrity": "sha1-Jzi9nw089PhEkMVzbEhpmsYyzaM=",
			"requires": {
				"es5-ext": "~0.10.2"
			}
		},
		"md5.js": {
			"version": "1.3.5",
			"resolved": "https://registry.npmjs.org/md5.js/-/md5.js-1.3.5.tgz",
			"integrity": "sha512-xitP+WxNPcTTOgnTJcrhM0xvdPepipPSf3I8EIpGKeFLjt3PlJLIDG3u8EX53ZIubkb+5U2+3rELYpEhHhzdkg==",
			"requires": {
				"hash-base": "^3.0.0",
				"inherits": "^2.0.1",
				"safe-buffer": "^5.1.2"
			}
		},
		"memoizee": {
			"version": "0.4.15",
			"resolved": "https://registry.npmjs.org/memoizee/-/memoizee-0.4.15.tgz",
			"integrity": "sha512-UBWmJpLZd5STPm7PMUlOw/TSy972M+z8gcyQ5veOnSDRREz/0bmpyTfKt3/51DhEBqCZQn1udM/5flcSPYhkdQ==",
			"requires": {
				"d": "^1.0.1",
				"es5-ext": "^0.10.53",
				"es6-weak-map": "^2.0.3",
				"event-emitter": "^0.3.5",
				"is-promise": "^2.2.2",
				"lru-queue": "^0.1.0",
				"next-tick": "^1.1.0",
				"timers-ext": "^0.1.7"
			}
		},
		"merkle-lib": {
			"version": "2.0.10",
			"resolved": "https://registry.npmjs.org/merkle-lib/-/merkle-lib-2.0.10.tgz",
			"integrity": "sha1-grjbrnXieneFOItz+ddyXQ9vMyY="
		},
		"minimalistic-assert": {
			"version": "1.0.1",
			"resolved": "https://registry.npmjs.org/minimalistic-assert/-/minimalistic-assert-1.0.1.tgz",
			"integrity": "sha512-UtJcAD4yEaGtjPezWuO9wC4nwUnVH/8/Im3yEHQP4b67cXlD/Qr9hdITCU1xDbSEXg2XKNaP8jsReV7vQd00/A=="
		},
		"minimalistic-crypto-utils": {
			"version": "1.0.1",
			"resolved": "https://registry.npmjs.org/minimalistic-crypto-utils/-/minimalistic-crypto-utils-1.0.1.tgz",
			"integrity": "sha1-9sAMHAsIIkblxNmd+4x8CDsrWCo="
		},
		"ms": {
			"version": "2.1.2",
			"resolved": "https://registry.npmjs.org/ms/-/ms-2.1.2.tgz",
			"integrity": "sha512-sGkPx+VjMtmA6MX27oA4FBFELFCZZ4S4XqeGOXCv68tT+jb3vk/RyaKWP0PTKyWtmLSM0b+adUTEvbs1PEaH2w=="
		},
		"nan": {
			"version": "2.15.0",
			"resolved": "https://registry.npmjs.org/nan/-/nan-2.15.0.tgz",
			"integrity": "sha512-8ZtvEnA2c5aYCZYd1cvgdnU6cqwixRoYg70xPLWUws5ORTa/lnw+u4amixRS/Ac5U5mQVgp9pnlSUnbNWFaWZQ=="
		},
		"next-tick": {
			"version": "1.1.0",
			"resolved": "https://registry.npmjs.org/next-tick/-/next-tick-1.1.0.tgz",
			"integrity": "sha512-CXdUiJembsNjuToQvxayPZF9Vqht7hewsvy2sOWafLvi2awflj9mOC6bHIg50orX8IJvWKY9wYQ/zB2kogPslQ=="
		},
		"node-addon-api": {
			"version": "2.0.2",
			"resolved": "https://registry.npmjs.org/node-addon-api/-/node-addon-api-2.0.2.tgz",
			"integrity": "sha512-Ntyt4AIXyaLIuMHF6IOoTakB3K+RWxwtsHNRxllEoA6vPwP9o4866g6YWDLUdnucilZhmkxiHwHr11gAENw+QA=="
		},
		"node-gyp-build": {
			"version": "4.2.3",
			"resolved": "https://registry.npmjs.org/node-gyp-build/-/node-gyp-build-4.2.3.tgz",
			"integrity": "sha512-MN6ZpzmfNCRM+3t57PTJHgHyw/h4OWnZ6mR8P5j/uZtqQr46RRuDE/P+g3n0YR/AiYXeWixZZzaip77gdICfRg=="
		},
		"pbkdf2": {
			"version": "3.1.2",
			"resolved": "https://registry.npmjs.org/pbkdf2/-/pbkdf2-3.1.2.tgz",
			"integrity": "sha512-iuh7L6jA7JEGu2WxDwtQP1ddOpaJNC4KlDEFfdQajSGgGPNi4OyDc2R7QnbY2bR9QjBVGwgvTdNJZoE7RaxUMA==",
			"requires": {
				"create-hash": "^1.1.2",
				"create-hmac": "^1.1.4",
				"ripemd160": "^2.0.1",
				"safe-buffer": "^5.0.1",
				"sha.js": "^2.4.8"
			}
		},
		"punycode": {
			"version": "2.1.1",
			"resolved": "https://registry.npmjs.org/punycode/-/punycode-2.1.1.tgz",
			"integrity": "sha512-XRsRjdf+j5ml+y/6GKHPZbrF/8p2Yga0JPtdqTIY2Xe5ohJPD9saDJJLPvp9+NSBprVvevdXZybnj2cv8OEd0A=="
		},
		"pushdata-bitcoin": {
			"version": "1.0.1",
			"resolved": "https://registry.npmjs.org/pushdata-bitcoin/-/pushdata-bitcoin-1.0.1.tgz",
			"integrity": "sha1-FZMdPNlnreUiBvUjqnMxrvfUOvc=",
			"requires": {
				"bitcoin-ops": "^1.3.0"
			}
		},
		"randombytes": {
			"version": "2.1.0",
			"resolved": "https://registry.npmjs.org/randombytes/-/randombytes-2.1.0.tgz",
			"integrity": "sha512-vYl3iOX+4CKUWuxGi9Ukhie6fsqXqS9FE2Zaic4tNFD2N2QQaXOMFbuKK4QmDHC0JO6B1Zp41J0LpT0oR68amQ==",
			"requires": {
				"safe-buffer": "^5.1.0"
			}
		},
		"readable-stream": {
			"version": "3.6.0",
			"resolved": "https://registry.npmjs.org/readable-stream/-/readable-stream-3.6.0.tgz",
			"integrity": "sha512-BViHy7LKeTz4oNnkcLJ+lVSL6vpiFeX6/d3oSH8zCW7UxP2onchk+vTGB143xuFjHS3deTgkKoXXymXqymiIdA==",
			"requires": {
				"inherits": "^2.0.3",
				"string_decoder": "^1.1.1",
				"util-deprecate": "^1.0.1"
			}
		},
		"regenerator-runtime": {
			"version": "0.13.7",
			"resolved": "https://registry.npmjs.org/regenerator-runtime/-/regenerator-runtime-0.13.7.tgz",
			"integrity": "sha512-a54FxoJDIr27pgf7IgeQGxmqUNYrcV338lf/6gH456HZ/PhX+5BcwHXG9ajESmwe6WRO0tAzRUrRmNONWgkrew=="
		},
		"ripemd160": {
			"version": "2.0.2",
			"resolved": "https://registry.npmjs.org/ripemd160/-/ripemd160-2.0.2.tgz",
			"integrity": "sha512-ii4iagi25WusVoiC4B4lq7pbXfAp3D9v5CwfkY33vffw2+pkDjY1D8GaN7spsxvCSx8dkPqOZCEZyfxcmJG2IA==",
			"requires": {
				"hash-base": "^3.0.0",
				"inherits": "^2.0.1"
			}
		},
		"rlp": {
			"version": "2.2.6",
			"resolved": "https://registry.npmjs.org/rlp/-/rlp-2.2.6.tgz",
			"integrity": "sha512-HAfAmL6SDYNWPUOJNrM500x4Thn4PZsEy5pijPh40U9WfNk0z15hUYzO9xVIMAdIHdFtD8CBDHd75Td1g36Mjg==",
			"requires": {
				"bn.js": "^4.11.1"
			}
		},
		"safe-buffer": {
			"version": "5.2.1",
			"resolved": "https://registry.npmjs.org/safe-buffer/-/safe-buffer-5.2.1.tgz",
			"integrity": "sha512-rp3So07KcdmmKbGvgaNxQSJr7bGVSVk5S9Eq1F+ppbRo70+YeaDxkw5Dd8NPN+GD6bjnYm2VuPuCXmpuYvmCXQ=="
		},
		"scrypt-js": {
			"version": "3.0.1",
			"resolved": "https://registry.npmjs.org/scrypt-js/-/scrypt-js-3.0.1.tgz",
			"integrity": "sha512-cdwTTnqPu0Hyvf5in5asVdZocVDTNRmR7XEcJuIzMjJeSHybHl7vpB66AzwTaIg6CLSbtjcxc8fqcySfnTkccA=="
		},
		"secp256k1": {
			"version": "3.8.0",
			"resolved": "https://registry.npmjs.org/secp256k1/-/secp256k1-3.8.0.tgz",
			"integrity": "sha512-k5ke5avRZbtl9Tqx/SA7CbY3NF6Ro+Sj9cZxezFzuBlLDmyqPiL8hJJ+EmzD8Ig4LUDByHJ3/iPOVoRixs/hmw==",
			"requires": {
				"bindings": "^1.5.0",
				"bip66": "^1.1.5",
				"bn.js": "^4.11.8",
				"create-hash": "^1.2.0",
				"drbg.js": "^1.0.1",
				"elliptic": "^6.5.2",
				"nan": "^2.14.0",
				"safe-buffer": "^5.1.2"
			}
		},
		"setimmediate": {
			"version": "1.0.5",
			"resolved": "https://registry.npmjs.org/setimmediate/-/setimmediate-1.0.5.tgz",
			"integrity": "sha1-KQy7Iy4waULX1+qbg3Mqt4VvgoU="
		},
		"sha.js": {
			"version": "2.4.11",
			"resolved": "https://registry.npmjs.org/sha.js/-/sha.js-2.4.11.tgz",
			"integrity": "sha512-QMEp5B7cftE7APOjk5Y6xgrbWu+WkLVQwk8JNjZ8nKRciZaByEW6MubieAiToS7+dwvrjGhH8jRXz3MVd0AYqQ==",
			"requires": {
				"inherits": "^2.0.1",
				"safe-buffer": "^5.0.1"
			}
		},
		"standard-error": {
			"version": "1.1.0",
			"resolved": "https://registry.npmjs.org/standard-error/-/standard-error-1.1.0.tgz",
			"integrity": "sha1-I+UWj6HAggGJ5YEnAaeQWFENDTQ="
		},
		"string_decoder": {
			"version": "1.3.0",
			"resolved": "https://registry.npmjs.org/string_decoder/-/string_decoder-1.3.0.tgz",
			"integrity": "sha512-hkRX8U1WjJFd8LsDJ2yQ/wWWxaopEsABU1XfkM8A+j0+85JAGppt16cr1Whg6KIbb4okU6Mql6BOj+uup/wKeA==",
			"requires": {
				"safe-buffer": "~5.2.0"
			}
		},
		"strip-hex-prefix": {
			"version": "1.0.0",
			"resolved": "https://registry.npmjs.org/strip-hex-prefix/-/strip-hex-prefix-1.0.0.tgz",
			"integrity": "sha1-DF8VX+8RUTczd96du1iNoFUA428=",
			"requires": {
				"is-hex-prefixed": "1.0.0"
			}
		},
		"timers-ext": {
			"version": "0.1.7",
			"resolved": "https://registry.npmjs.org/timers-ext/-/timers-ext-0.1.7.tgz",
			"integrity": "sha512-b85NUNzTSdodShTIbky6ZF02e8STtVVfD+fu4aXXShEELpozH+bCpJLYMPZbsABN2wDH7fJpqIoXxJpzbf0NqQ==",
			"requires": {
				"es5-ext": "~0.10.46",
				"next-tick": "1"
			}
		},
		"tiny-secp256k1": {
			"version": "1.1.6",
			"resolved": "https://registry.npmjs.org/tiny-secp256k1/-/tiny-secp256k1-1.1.6.tgz",
			"integrity": "sha512-FmqJZGduTyvsr2cF3375fqGHUovSwDi/QytexX1Se4BPuPZpTE5Ftp5fg+EFSuEf3lhZqgCRjEG3ydUQ/aNiwA==",
			"requires": {
				"bindings": "^1.3.0",
				"bn.js": "^4.11.8",
				"create-hmac": "^1.1.7",
				"elliptic": "^6.4.0",
				"nan": "^2.13.2"
			}
		},
		"type": {
			"version": "1.2.0",
			"resolved": "https://registry.npmjs.org/type/-/type-1.2.0.tgz",
			"integrity": "sha512-+5nt5AAniqsCnu2cEQQdpzCAh33kVx8n0VoFidKpB1dVVLAN/F+bgVOqOJqOnEnrhp222clB5p3vUlD+1QAnfg=="
		},
		"typeforce": {
			"version": "1.18.0",
			"resolved": "https://registry.npmjs.org/typeforce/-/typeforce-1.18.0.tgz",
			"integrity": "sha512-7uc1O8h1M1g0rArakJdf0uLRSSgFcYexrVoKo+bzJd32gd4gDy2L/Z+8/FjPnU9ydY3pEnVPtr9FyscYY60K1g=="
		},
		"uri-js": {
			"version": "4.4.1",
			"resolved": "https://registry.npmjs.org/uri-js/-/uri-js-4.4.1.tgz",
			"integrity": "sha512-7rKUyy33Q1yc98pQ1DAmLtwX109F7TIfWlW1Ydo8Wl1ii1SeHieeh0HHfPeL2fMXK6z0s8ecKs9frCuLJvndBg==",
			"requires": {
				"punycode": "^2.1.0"
			}
		},
		"util-deprecate": {
			"version": "1.0.2",
			"resolved": "https://registry.npmjs.org/util-deprecate/-/util-deprecate-1.0.2.tgz",
			"integrity": "sha1-RQ1Nyfpw3nMnYvvS1KKJgUGaDM8="
		},
		"varuint-bitcoin": {
			"version": "1.1.2",
			"resolved": "https://registry.npmjs.org/varuint-bitcoin/-/varuint-bitcoin-1.1.2.tgz",
			"integrity": "sha512-4EVb+w4rx+YfVM32HQX42AbbT7/1f5zwAYhIujKXKk8NQK+JfRVl3pqT3hjNn/L+RstigmGGKVwHA/P0wgITZw==",
			"requires": {
				"safe-buffer": "^5.1.1"
			}
		},
		"wif": {
			"version": "2.0.6",
			"resolved": "https://registry.npmjs.org/wif/-/wif-2.0.6.tgz",
			"integrity": "sha1-CNP1IFbGZnkplyb63g1DKudLRwQ=",
			"requires": {
				"bs58check": "<3.0.0"
			}
		}
	}
}
