{
	"name": "@liquality/jsonrpc-provider",
	"version": "1.5.1",
	"lockfileVersion": 1,
	"requires": true,
	"dependencies": {
		"@babel/runtime": {
			"version": "7.12.13",
			"resolved": "https://registry.npmjs.org/@babel/runtime/-/runtime-7.12.13.tgz",
			"integrity": "sha512-8+3UMPBrjFa/6TtKi/7sehPKqfAm4g6K+YQjyyFOLUTxzOngcRZTlAVY8sc2CORJYqdHQY8gRPHmn+qo15rCBw==",
			"requires": {
				"regenerator-runtime": "^0.13.4"
			}
		},
		"@liquality/debug": {
			"version": "1.5.1",
			"resolved": "https://registry.npmjs.org/@liquality/debug/-/debug-1.5.1.tgz",
			"integrity": "sha512-EJwkChuaqZH4c/PpUOEcz3oKQAhrQOawY2UmswrBpX0k+6wV+/yzMzd4CNwKGUimzZogFJ71tEjzo/r726UjPQ==",
			"requires": {
				"@babel/runtime": "^7.12.1",
				"@types/debug": "^4.1.5",
				"debug": "^4.1.1"
			}
		},
		"@liquality/errors": {
			"version": "1.5.1",
			"resolved": "https://registry.npmjs.org/@liquality/errors/-/errors-1.5.1.tgz",
			"integrity": "sha512-qBW+V/7/7Z8ExlHGegRTGhbu/7FJjIOh63/9PrKy5ZfYn2LkfK3Cl15fjQleoVqNOWtT6z8zYa2w1anvQj3YDg==",
			"requires": {
				"@types/standard-error": "^1.1.0",
				"standard-error": "^1.1.0"
			}
		},
		"@liquality/node-provider": {
			"version": "1.5.1",
			"resolved": "https://registry.npmjs.org/@liquality/node-provider/-/node-provider-1.5.1.tgz",
			"integrity": "sha512-vKvncJrPfHVC0jdVFqvWem3QlhecALQf5Nby3Pv+3JZxQ+Z2nQUOVRkzFr8gN4eFdkH5aGI+sV0RkeGYHZa6ZQ==",
			"requires": {
				"@babel/runtime": "^7.12.1",
				"@liquality/errors": "^1.5.1",
				"@liquality/provider": "^1.5.1",
				"@types/axios": "^0.14.0",
				"@types/lodash": "^4.14.168",
				"axios": "^0.21.0",
				"lodash": "^4.17.20"
			}
		},
		"@liquality/provider": {
			"version": "1.5.1",
			"resolved": "https://registry.npmjs.org/@liquality/provider/-/provider-1.5.1.tgz",
			"integrity": "sha512-6JWdPNo9ad1t223lnQOfVp5exVHqBQnb85TX1lwmzy5BB8KSoMHjaHJ7W6dcKzDHo/s+S8w/TqoCUbelxVvDpw==",
			"requires": {
				"@liquality/types": "^1.5.1"
			}
		},
		"@liquality/types": {
			"version": "1.5.1",
			"resolved": "https://registry.npmjs.org/@liquality/types/-/types-1.5.1.tgz",
			"integrity": "sha512-h2RP4n4MHdZpg2/Dq6Zxl4orqliPiAe15/Be9xPmNId4Y2/r3pnKoz1FP7PMl+ZwA/JwStidHZ6Z52tIWawy6Q==",
			"requires": {
				"bignumber.js": "^9.0.1"
			}
		},
		"@types/axios": {
			"version": "0.14.0",
			"resolved": "https://registry.npmjs.org/@types/axios/-/axios-0.14.0.tgz",
			"integrity": "sha1-7CMA++fX3d1+udOr+HmZlkyvzkY=",
			"requires": {
				"axios": "*"
			}
		},
		"@types/debug": {
			"version": "4.1.7",
			"resolved": "https://registry.npmjs.org/@types/debug/-/debug-4.1.7.tgz",
			"integrity": "sha512-9AonUzyTjXXhEOa0DnqpzZi6VHlqKMswga9EXjpXnnqxwLtdvPPtlO8evrI5D9S6asFRCQ6v+wpiUKbw+vKqyg==",
			"requires": {
				"@types/ms": "*"
			}
		},
		"@types/json-bigint": {
			"version": "1.0.0",
			"resolved": "https://registry.npmjs.org/@types/json-bigint/-/json-bigint-1.0.0.tgz",
			"integrity": "sha512-WW+0cfH3ovFN6ROV+p/Xfw36dT6s16hbXBYIG49PYw6+j6e+AkpqYccctgxwyicBmC8CZDBnPhOH94shFhXgHQ==",
			"dev": true
		},
		"@types/lodash": {
			"version": "4.14.168",
			"resolved": "https://registry.npmjs.org/@types/lodash/-/lodash-4.14.168.tgz",
			"integrity": "sha512-oVfRvqHV/V6D1yifJbVRU3TMp8OT6o6BG+U9MkwuJ3U8/CsDHvalRpsxBqivn71ztOFZBTfJMvETbqHiaNSj7Q=="
		},
		"@types/ms": {
			"version": "0.7.31",
			"resolved": "https://registry.npmjs.org/@types/ms/-/ms-0.7.31.tgz",
			"integrity": "sha512-iiUgKzV9AuaEkZqkOLDIvlQiL6ltuZd9tGcW3gwpnX8JbuiuhFlEGmmFXEXkN50Cvq7Os88IY2v0dkDqXYWVgA=="
		},
		"@types/standard-error": {
			"version": "1.1.0",
			"resolved": "https://registry.npmjs.org/@types/standard-error/-/standard-error-1.1.0.tgz",
			"integrity": "sha512-lZshsx/QFLUJcu9prwm3Gtsl+b38HAqO6XUGH8PGwSmiswQhscd2MKrfk3LX3W3HyvNVUKcpsiuhU9r8DX32ww=="
		},
		"axios": {
			"version": "0.21.1",
			"resolved": "https://registry.npmjs.org/axios/-/axios-0.21.1.tgz",
			"integrity": "sha512-dKQiRHxGD9PPRIUNIWvZhPTPpl1rf/OxTYKsqKUDjBwYylTvV7SjSHJb9ratfyzM6wCdLCOYLzs73qpg5c4iGA==",
			"requires": {
				"follow-redirects": "^1.10.0"
			}
		},
		"bignumber.js": {
			"version": "9.0.1",
			"resolved": "https://registry.npmjs.org/bignumber.js/-/bignumber.js-9.0.1.tgz",
			"integrity": "sha512-IdZR9mh6ahOBv/hYGiXyVuyCetmGJhtYkqLBpTStdhEGjegpPlUawydyaF3pbIOFynJTpllEs+NP+CS9jKFLjA=="
		},
		"debug": {
			"version": "4.3.2",
			"resolved": "https://registry.npmjs.org/debug/-/debug-4.3.2.tgz",
			"integrity": "sha512-mOp8wKcvj7XxC78zLgw/ZA+6TSgkoE2C/ienthhRD298T7UNwAg9diBpLRxC0mOezLl4B0xV7M0cCO6P/O0Xhw==",
			"requires": {
				"ms": "2.1.2"
			}
		},
		"follow-redirects": {
			"version": "1.14.2",
			"resolved": "https://registry.npmjs.org/follow-redirects/-/follow-redirects-1.14.2.tgz",
			"integrity": "sha512-yLR6WaE2lbF0x4K2qE2p9PEXKLDjUjnR/xmjS3wHAYxtlsI9MLLBJUZirAHKzUZDGLxje7w/cXR49WOUo4rbsA=="
		},
		"json-bigint": {
			"version": "1.0.0",
			"resolved": "https://registry.npmjs.org/json-bigint/-/json-bigint-1.0.0.tgz",
			"integrity": "sha512-SiPv/8VpZuWbvLSMtTDU8hEfrZWg/mH/nV/b4o0CYbSxu1UIQPLdwKOCIyLQX+VIPO5vrLX3i8qtqFyhdPSUSQ==",
			"requires": {
				"bignumber.js": "^9.0.0"
			}
		},
		"lodash": {
			"version": "4.17.21",
			"resolved": "https://registry.npmjs.org/lodash/-/lodash-4.17.21.tgz",
			"integrity": "sha512-v2kDEe57lecTulaDIuNTPy3Ry4gLGJ6Z1O3vE1krgXZNrsQ+LFTGHVxVjcXPs17LhbZVGedAJv8XZ1tvj5FvSg=="
		},
		"ms": {
			"version": "2.1.2",
			"resolved": "https://registry.npmjs.org/ms/-/ms-2.1.2.tgz",
			"integrity": "sha512-sGkPx+VjMtmA6MX27oA4FBFELFCZZ4S4XqeGOXCv68tT+jb3vk/RyaKWP0PTKyWtmLSM0b+adUTEvbs1PEaH2w=="
		},
		"regenerator-runtime": {
			"version": "0.13.7",
			"resolved": "https://registry.npmjs.org/regenerator-runtime/-/regenerator-runtime-0.13.7.tgz",
			"integrity": "sha512-a54FxoJDIr27pgf7IgeQGxmqUNYrcV338lf/6gH456HZ/PhX+5BcwHXG9ajESmwe6WRO0tAzRUrRmNONWgkrew=="
		},
		"standard-error": {
			"version": "1.1.0",
			"resolved": "https://registry.npmjs.org/standard-error/-/standard-error-1.1.0.tgz",
			"integrity": "sha1-I+UWj6HAggGJ5YEnAaeQWFENDTQ="
		}
	}
}
